// !$*UTF8*$!
{
	archiveVersion = 1;
	classes = {
	};
	objectVersion = 50;
	objects = {

/* Begin PBXBuildFile section */
		593D11502470502C00A82722 /* AppDelegate.swift in Sources */ = {isa = PBXBuildFile; fileRef = 593D114F2470502C00A82722 /* AppDelegate.swift */; };
		593D11522470502C00A82722 /* SceneDelegate.swift in Sources */ = {isa = PBXBuildFile; fileRef = 593D11512470502C00A82722 /* SceneDelegate.swift */; };
		593D11572470502C00A82722 /* Main.storyboard in Resources */ = {isa = PBXBuildFile; fileRef = 593D11552470502C00A82722 /* Main.storyboard */; };
		593D11592470502C00A82722 /* Assets.xcassets in Resources */ = {isa = PBXBuildFile; fileRef = 593D11582470502C00A82722 /* Assets.xcassets */; };
		593D115C2470502C00A82722 /* LaunchScreen.storyboard in Resources */ = {isa = PBXBuildFile; fileRef = 593D115A2470502C00A82722 /* LaunchScreen.storyboard */; };
		593D1166247055BE00A82722 /* PetStore.swift in Sources */ = {isa = PBXBuildFile; fileRef = 593D1165247055BE00A82722 /* PetStore.swift */; };
		593D11682470563100A82722 /* HomeViewController.swift in Sources */ = {isa = PBXBuildFile; fileRef = 593D11672470563100A82722 /* HomeViewController.swift */; };
		593D116C2470585600A82722 /* BirdCell.swift in Sources */ = {isa = PBXBuildFile; fileRef = 593D116A2470585600A82722 /* BirdCell.swift */; };
		593D116D2470585600A82722 /* BirdCell.xib in Resources */ = {isa = PBXBuildFile; fileRef = 593D116B2470585600A82722 /* BirdCell.xib */; };
		593D117124705A7500A82722 /* DogCell.swift in Sources */ = {isa = PBXBuildFile; fileRef = 593D116F24705A7500A82722 /* DogCell.swift */; };
		593D117224705A7500A82722 /* DogCell.xib in Resources */ = {isa = PBXBuildFile; fileRef = 593D117024705A7500A82722 /* DogCell.xib */; };
		593D11762470608100A82722 /* CatCell.swift in Sources */ = {isa = PBXBuildFile; fileRef = 593D11742470608100A82722 /* CatCell.swift */; };
		593D11772470608100A82722 /* CatCell.xib in Resources */ = {isa = PBXBuildFile; fileRef = 593D11752470608100A82722 /* CatCell.xib */; };
		593D117A247063DB00A82722 /* HomeViewModel.swift in Sources */ = {isa = PBXBuildFile; fileRef = 593D1179247063DB00A82722 /* HomeViewModel.swift */; };
		593D117E2471D3C700A82722 /* PetListable.swift in Sources */ = {isa = PBXBuildFile; fileRef = 593D117D2471D3C700A82722 /* PetListable.swift */; };
/* End PBXBuildFile section */

/* Begin PBXFileReference section */
		593D114C2470502C00A82722 /* TableViewWithMultipleCellTypes.app */ = {isa = PBXFileReference; explicitFileType = wrapper.application; includeInIndex = 0; path = TableViewWithMultipleCellTypes.app; sourceTree = BUILT_PRODUCTS_DIR; };
		593D114F2470502C00A82722 /* AppDelegate.swift */ = {isa = PBXFileReference; lastKnownFileType = sourcecode.swift; path = AppDelegate.swift; sourceTree = "<group>"; };
		593D11512470502C00A82722 /* SceneDelegate.swift */ = {isa = PBXFileReference; lastKnownFileType = sourcecode.swift; path = SceneDelegate.swift; sourceTree = "<group>"; };
		593D11562470502C00A82722 /* Base */ = {isa = PBXFileReference; lastKnownFileType = file.storyboard; name = Base; path = Base.lproj/Main.storyboard; sourceTree = "<group>"; };
		593D11582470502C00A82722 /* Assets.xcassets */ = {isa = PBXFileReference; lastKnownFileType = folder.assetcatalog; path = Assets.xcassets; sourceTree = "<group>"; };
		593D115B2470502C00A82722 /* Base */ = {isa = PBXFileReference; lastKnownFileType = file.storyboard; name = Base; path = Base.lproj/LaunchScreen.storyboard; sourceTree = "<group>"; };
		593D115D2470502C00A82722 /* Info.plist */ = {isa = PBXFileReference; lastKnownFileType = text.plist.xml; path = Info.plist; sourceTree = "<group>"; };
		593D1165247055BE00A82722 /* PetStore.swift */ = {isa = PBXFileReference; lastKnownFileType = sourcecode.swift; path = PetStore.swift; sourceTree = "<group>"; };
		593D11672470563100A82722 /* HomeViewController.swift */ = {isa = PBXFileReference; lastKnownFileType = sourcecode.swift; path = HomeViewController.swift; sourceTree = "<group>"; };
		593D116A2470585600A82722 /* BirdCell.swift */ = {isa = PBXFileReference; lastKnownFileType = sourcecode.swift; path = BirdCell.swift; sourceTree = "<group>"; };
		593D116B2470585600A82722 /* BirdCell.xib */ = {isa = PBXFileReference; lastKnownFileType = file.xib; path = BirdCell.xib; sourceTree = "<group>"; };
		593D116F24705A7500A82722 /* DogCell.swift */ = {isa = PBXFileReference; lastKnownFileType = sourcecode.swift; path = DogCell.swift; sourceTree = "<group>"; };
		593D117024705A7500A82722 /* DogCell.xib */ = {isa = PBXFileReference; lastKnownFileType = file.xib; path = DogCell.xib; sourceTree = "<group>"; };
		593D11742470608100A82722 /* CatCell.swift */ = {isa = PBXFileReference; lastKnownFileType = sourcecode.swift; path = CatCell.swift; sourceTree = "<group>"; };
		593D11752470608100A82722 /* CatCell.xib */ = {isa = PBXFileReference; lastKnownFileType = file.xib; path = CatCell.xib; sourceTree = "<group>"; };
		593D1179247063DB00A82722 /* HomeViewModel.swift */ = {isa = PBXFileReference; lastKnownFileType = sourcecode.swift; path = HomeViewModel.swift; sourceTree = "<group>"; };
		593D117D2471D3C700A82722 /* PetListable.swift */ = {isa = PBXFileReference; lastKnownFileType = sourcecode.swift; path = PetListable.swift; sourceTree = "<group>"; };
/* End PBXFileReference section */

/* Begin PBXFrameworksBuildPhase section */
		593D11492470502C00A82722 /* Frameworks */ = {
			isa = PBXFrameworksBuildPhase;
			buildActionMask = 2147483647;
			files = (
			);
			runOnlyForDeploymentPostprocessing = 0;
		};
/* End PBXFrameworksBuildPhase section */

/* Begin PBXGroup section */
		593D11432470502C00A82722 = {
			isa = PBXGroup;
			children = (
				593D114E2470502C00A82722 /* TableViewWithMultipleCellTypes */,
				593D114D2470502C00A82722 /* Products */,
			);
			sourceTree = "<group>";
		};
		593D114D2470502C00A82722 /* Products */ = {
			isa = PBXGroup;
			children = (
				593D114C2470502C00A82722 /* TableViewWithMultipleCellTypes.app */,
			);
			name = Products;
			sourceTree = "<group>";
		};
		593D114E2470502C00A82722 /* TableViewWithMultipleCellTypes */ = {
			isa = PBXGroup;
			children = (
				593D114F2470502C00A82722 /* AppDelegate.swift */,
				593D11512470502C00A82722 /* SceneDelegate.swift */,
				593D1165247055BE00A82722 /* PetStore.swift */,
				593D11552470502C00A82722 /* Main.storyboard */,
				593D11672470563100A82722 /* HomeViewController.swift */,
				593D1179247063DB00A82722 /* HomeViewModel.swift */,
				593D11692470583E00A82722 /* TableViewCells */,
				593D11582470502C00A82722 /* Assets.xcassets */,
				593D115A2470502C00A82722 /* LaunchScreen.storyboard */,
				593D115D2470502C00A82722 /* Info.plist */,
			);
			path = TableViewWithMultipleCellTypes;
			sourceTree = "<group>";
		};
		593D11692470583E00A82722 /* TableViewCells */ = {
			isa = PBXGroup;
			children = (
				593D116E24705A4F00A82722 /* BirdCells */,
				593D11732470605400A82722 /* DogCells */,
				593D11782470620800A82722 /* CatCells */,
				593D117D2471D3C700A82722 /* PetListable.swift */,
			);
			path = TableViewCells;
			sourceTree = "<group>";
		};
		593D116E24705A4F00A82722 /* BirdCells */ = {
			isa = PBXGroup;
			children = (
				593D116A2470585600A82722 /* BirdCell.swift */,
				593D116B2470585600A82722 /* BirdCell.xib */,
			);
			path = BirdCells;
			sourceTree = "<group>";
		};
		593D11732470605400A82722 /* DogCells */ = {
			isa = PBXGroup;
			children = (
				593D116F24705A7500A82722 /* DogCell.swift */,
				593D117024705A7500A82722 /* DogCell.xib */,
			);
			path = DogCells;
			sourceTree = "<group>";
		};
		593D11782470620800A82722 /* CatCells */ = {
			isa = PBXGroup;
			children = (
				593D11742470608100A82722 /* CatCell.swift */,
				593D11752470608100A82722 /* CatCell.xib */,
			);
			path = CatCells;
			sourceTree = "<group>";
		};
/* End PBXGroup section */

/* Begin PBXNativeTarget section */
		593D114B2470502C00A82722 /* TableViewWithMultipleCellTypes */ = {
			isa = PBXNativeTarget;
			buildConfigurationList = 593D11602470502C00A82722 /* Build configuration list for PBXNativeTarget "TableViewWithMultipleCellTypes" */;
			buildPhases = (
				593D11482470502C00A82722 /* Sources */,
				593D11492470502C00A82722 /* Frameworks */,
				593D114A2470502C00A82722 /* Resources */,
			);
			buildRules = (
			);
			dependencies = (
			);
			name = TableViewWithMultipleCellTypes;
			productName = TableViewWithMultipleCellTypes;
			productReference = 593D114C2470502C00A82722 /* TableViewWithMultipleCellTypes.app */;
			productType = "com.apple.product-type.application";
		};
/* End PBXNativeTarget section */

/* Begin PBXProject section */
		593D11442470502C00A82722 /* Project object */ = {
			isa = PBXProject;
			attributes = {
				LastSwiftUpdateCheck = 1130;
				LastUpgradeCheck = 1130;
				ORGANIZATIONNAME = "Raman Singh";
				TargetAttributes = {
					593D114B2470502C00A82722 = {
						CreatedOnToolsVersion = 11.3.1;
					};
				};
			};
			buildConfigurationList = 593D11472470502C00A82722 /* Build configuration list for PBXProject "TableViewWithMultipleCellTypes" */;
			compatibilityVersion = "Xcode 9.3";
			developmentRegion = en;
			hasScannedForEncodings = 0;
			knownRegions = (
				en,
				Base,
			);
			mainGroup = 593D11432470502C00A82722;
			productRefGroup = 593D114D2470502C00A82722 /* Products */;
			projectDirPath = "";
			projectRoot = "";
			targets = (
				593D114B2470502C00A82722 /* TableViewWithMultipleCellTypes */,
			);
		};
/* End PBXProject section */

/* Begin PBXResourcesBuildPhase section */
		593D114A2470502C00A82722 /* Resources */ = {
			isa = PBXResourcesBuildPhase;
			buildActionMask = 2147483647;
			files = (
				593D115C2470502C00A82722 /* LaunchScreen.storyboard in Resources */,
				593D117224705A7500A82722 /* DogCell.xib in Resources */,
				593D11772470608100A82722 /* CatCell.xib in Resources */,
				593D11592470502C00A82722 /* Assets.xcassets in Resources */,
				593D116D2470585600A82722 /* BirdCell.xib in Resources */,
				593D11572470502C00A82722 /* Main.storyboard in Resources */,
			);
			runOnlyForDeploymentPostprocessing = 0;
		};
/* End PBXResourcesBuildPhase section */

/* Begin PBXSourcesBuildPhase section */
		593D11482470502C00A82722 /* Sources */ = {
			isa = PBXSourcesBuildPhase;
			buildActionMask = 2147483647;
			files = (
				593D11762470608100A82722 /* CatCell.swift in Sources */,
				593D11502470502C00A82722 /* AppDelegate.swift in Sources */,
				593D11522470502C00A82722 /* SceneDelegate.swift in Sources */,
				593D117A247063DB00A82722 /* HomeViewModel.swift in Sources */,
				593D117124705A7500A82722 /* DogCell.swift in Sources */,
				593D116C2470585600A82722 /* BirdCell.swift in Sources */,
				593D1166247055BE00A82722 /* PetStore.swift in Sources */,
				593D117E2471D3C700A82722 /* PetListable.swift in Sources */,
				593D11682470563100A82722 /* HomeViewController.swift in Sources */,
			);
			runOnlyForDeploymentPostprocessing = 0;
		};
/* End PBXSourcesBuildPhase section */

/* Begin PBXVariantGroup section */
		593D11552470502C00A82722 /* Main.storyboard */ = {
			isa = PBXVariantGroup;
			children = (
				593D11562470502C00A82722 /* Base */,
			);
			name = Main.storyboard;
			sourceTree = "<group>";
		};
		593D115A2470502C00A82722 /* LaunchScreen.storyboard */ = {
			isa = PBXVariantGroup;
			children = (
				593D115B2470502C00A82722 /* Base */,
			);
			name = LaunchScreen.storyboard;
			sourceTree = "<group>";
		};
/* End PBXVariantGroup section */

/* Begin XCBuildConfiguration section */
		593D115E2470502C00A82722 /* Debug */ = {
			isa = XCBuildConfiguration;
			buildSettings = {
				ALWAYS_SEARCH_USER_PATHS = NO;
				CLANG_ANALYZER_NONNULL = YES;
				CLANG_ANALYZER_NUMBER_OBJECT_CONVERSION = YES_AGGRESSIVE;
				CLANG_CXX_LANGUAGE_STANDARD = "gnu++14";
				CLANG_CXX_LIBRARY = "libc++";
				CLANG_ENABLE_MODULES = YES;
				CLANG_ENABLE_OBJC_ARC = YES;
				CLANG_ENABLE_OBJC_WEAK = YES;
				CLANG_WARN_BLOCK_CAPTURE_AUTORELEASING = YES;
				CLANG_WARN_BOOL_CONVERSION = YES;
				CLANG_WARN_COMMA = YES;
				CLANG_WARN_CONSTANT_CONVERSION = YES;
				CLANG_WARN_DEPRECATED_OBJC_IMPLEMENTATIONS = YES;
				CLANG_WARN_DIRECT_OBJC_ISA_USAGE = YES_ERROR;
				CLANG_WARN_DOCUMENTATION_COMMENTS = YES;
				CLANG_WARN_EMPTY_BODY = YES;
				CLANG_WARN_ENUM_CONVERSION = YES;
				CLANG_WARN_INFINITE_RECURSION = YES;
				CLANG_WARN_INT_CONVERSION = YES;
				CLANG_WARN_NON_LITERAL_NULL_CONVERSION = YES;
				CLANG_WARN_OBJC_IMPLICIT_RETAIN_SELF = YES;
				CLANG_WARN_OBJC_LITERAL_CONVERSION = YES;
				CLANG_WARN_OBJC_ROOT_CLASS = YES_ERROR;
				CLANG_WARN_RANGE_LOOP_ANALYSIS = YES;
				CLANG_WARN_STRICT_PROTOTYPES = YES;
				CLANG_WARN_SUSPICIOUS_MOVE = YES;
				CLANG_WARN_UNGUARDED_AVAILABILITY = YES_AGGRESSIVE;
				CLANG_WARN_UNREACHABLE_CODE = YES;
				CLANG_WARN__DUPLICATE_METHOD_MATCH = YES;
				COPY_PHASE_STRIP = NO;
				DEBUG_INFORMATION_FORMAT = dwarf;
				ENABLE_STRICT_OBJC_MSGSEND = YES;
				ENABLE_TESTABILITY = YES;
				GCC_C_LANGUAGE_STANDARD = gnu11;
				GCC_DYNAMIC_NO_PIC = NO;
				GCC_NO_COMMON_BLOCKS = YES;
				GCC_OPTIMIZATION_LEVEL = 0;
				GCC_PREPROCESSOR_DEFINITIONS = (
					"DEBUG=1",
					"$(inherited)",
				);
				GCC_WARN_64_TO_32_BIT_CONVERSION = YES;
				GCC_WARN_ABOUT_RETURN_TYPE = YES_ERROR;
				GCC_WARN_UNDECLARED_SELECTOR = YES;
				GCC_WARN_UNINITIALIZED_AUTOS = YES_AGGRESSIVE;
				GCC_WARN_UNUSED_FUNCTION = YES;
				GCC_WARN_UNUSED_VARIABLE = YES;
				IPHONEOS_DEPLOYMENT_TARGET = 13.2;
				MTL_ENABLE_DEBUG_INFO = INCLUDE_SOURCE;
				MTL_FAST_MATH = YES;
				ONLY_ACTIVE_ARCH = YES;
				SDKROOT = iphoneos;
				SWIFT_ACTIVE_COMPILATION_CONDITIONS = DEBUG;
				SWIFT_OPTIMIZATION_LEVEL = "-Onone";
			};
			name = Debug;
		};
		593D115F2470502C00A82722 /* Release */ = {
			isa = XCBuildConfiguration;
			buildSettings = {
				ALWAYS_SEARCH_USER_PATHS = NO;
				CLANG_ANALYZER_NONNULL = YES;
				CLANG_ANALYZER_NUMBER_OBJECT_CONVERSION = YES_AGGRESSIVE;
				CLANG_CXX_LANGUAGE_STANDARD = "gnu++14";
				CLANG_CXX_LIBRARY = "libc++";
				CLANG_ENABLE_MODULES = YES;
				CLANG_ENABLE_OBJC_ARC = YES;
				CLANG_ENABLE_OBJC_WEAK = YES;
				CLANG_WARN_BLOCK_CAPTURE_AUTORELEASING = YES;
				CLANG_WARN_BOOL_CONVERSION = YES;
				CLANG_WARN_COMMA = YES;
				CLANG_WARN_CONSTANT_CONVERSION = YES;
				CLANG_WARN_DEPRECATED_OBJC_IMPLEMENTATIONS = YES;
				CLANG_WARN_DIRECT_OBJC_ISA_USAGE = YES_ERROR;
				CLANG_WARN_DOCUMENTATION_COMMENTS = YES;
				CLANG_WARN_EMPTY_BODY = YES;
				CLANG_WARN_ENUM_CONVERSION = YES;
				CLANG_WARN_INFINITE_RECURSION = YES;
				CLANG_WARN_INT_CONVERSION = YES;
				CLANG_WARN_NON_LITERAL_NULL_CONVERSION = YES;
				CLANG_WARN_OBJC_IMPLICIT_RETAIN_SELF = YES;
				CLANG_WARN_OBJC_LITERAL_CONVERSION = YES;
				CLANG_WARN_OBJC_ROOT_CLASS = YES_ERROR;
				CLANG_WARN_RANGE_LOOP_ANALYSIS = YES;
				CLANG_WARN_STRICT_PROTOTYPES = YES;
				CLANG_WARN_SUSPICIOUS_MOVE = YES;
				CLANG_WARN_UNGUARDED_AVAILABILITY = YES_AGGRESSIVE;
				CLANG_WARN_UNREACHABLE_CODE = YES;
				CLANG_WARN__DUPLICATE_METHOD_MATCH = YES;
				COPY_PHASE_STRIP = NO;
				DEBUG_INFORMATION_FORMAT = "dwarf-with-dsym";
				ENABLE_NS_ASSERTIONS = NO;
				ENABLE_STRICT_OBJC_MSGSEND = YES;
				GCC_C_LANGUAGE_STANDARD = gnu11;
				GCC_NO_COMMON_BLOCKS = YES;
				GCC_WARN_64_TO_32_BIT_CONVERSION = YES;
				GCC_WARN_ABOUT_RETURN_TYPE = YES_ERROR;
				GCC_WARN_UNDECLARED_SELECTOR = YES;
				GCC_WARN_UNINITIALIZED_AUTOS = YES_AGGRESSIVE;
				GCC_WARN_UNUSED_FUNCTION = YES;
				GCC_WARN_UNUSED_VARIABLE = YES;
				IPHONEOS_DEPLOYMENT_TARGET = 13.2;
				MTL_ENABLE_DEBUG_INFO = NO;
				MTL_FAST_MATH = YES;
				SDKROOT = iphoneos;
				SWIFT_COMPILATION_MODE = wholemodule;
				SWIFT_OPTIMIZATION_LEVEL = "-O";
				VALIDATE_PRODUCT = YES;
			};
			name = Release;
		};
		593D11612470502C00A82722 /* Debug */ = {
			isa = XCBuildConfiguration;
			buildSettings = {
				ASSETCATALOG_COMPILER_APPICON_NAME = AppIcon;
				CODE_SIGN_STYLE = Automatic;
				DEVELOPMENT_TEAM = UE52HE9BWK;
				INFOPLIST_FILE = TableViewWithMultipleCellTypes/Info.plist;
				LD_RUNPATH_SEARCH_PATHS = (
					"$(inherited)",
					"@executable_path/Frameworks",
				);
				PRODUCT_BUNDLE_IDENTIFIER = com.Singh4282.mockNews.TableViewWithMultipleCellTypes;
				PRODUCT_NAME = "$(TARGET_NAME)";
				SWIFT_VERSION = 5.0;
				TARGETED_DEVICE_FAMILY = "1,2";
			};
			name = Debug;
		};
		593D11622470502C00A82722 /* Release */ = {
			isa = XCBuildConfiguration;
			buildSettings = {
				ASSETCATALOG_COMPILER_APPICON_NAME = AppIcon;
				CODE_SIGN_STYLE = Automatic;
				DEVELOPMENT_TEAM = UE52HE9BWK;
				INFOPLIST_FILE = TableViewWithMultipleCellTypes/Info.plist;
				LD_RUNPATH_SEARCH_PATHS = (
					"$(inherited)",
					"@executable_path/Frameworks",
				);
				PRODUCT_BUNDLE_IDENTIFIER = com.Singh4282.mockNews.TableViewWithMultipleCellTypes;
				PRODUCT_NAME = "$(TARGET_NAME)";
				SWIFT_VERSION = 5.0;
				TARGETED_DEVICE_FAMILY = "1,2";
			};
			name = Release;
		};
/* End XCBuildConfiguration section */

/* Begin XCConfigurationList section */
		593D11472470502C00A82722 /* Build configuration list for PBXProject "TableViewWithMultipleCellTypes" */ = {
			isa = XCConfigurationList;
			buildConfigurations = (
				593D115E2470502C00A82722 /* Debug */,
				593D115F2470502C00A82722 /* Release */,
			);
			defaultConfigurationIsVisible = 0;
			defaultConfigurationName = Release;
		};
		593D11602470502C00A82722 /* Build configuration list for PBXNativeTarget "TableViewWithMultipleCellTypes" */ = {
			isa = XCConfigurationList;
			buildConfigurations = (
				593D11612470502C00A82722 /* Debug */,
				593D11622470502C00A82722 /* Release */,
			);
			defaultConfigurationIsVisible = 0;
			defaultConfigurationName = Release;
		};
/* End XCConfigurationList section */
	};
	rootObject = 593D11442470502C00A82722 /* Project object */;
}
